{
  "version": 4,
  "terraform_version": "1.12.2",
  "serial": 2,
  "lineage": "0f24491f-ed75-edbb-23eb-8c0b6953f9a4",
  "outputs": {
    "gpu_instance_external_ip": {
      "value": "34.170.241.242",
      "type": "string"
    },
    "gpu_instance_internal_ip": {
      "value": "10.128.0.5",
      "type": "string"
    },
    "gpu_instance_name": {
      "value": "instance-20250802-231725",
      "type": "string"
    },
    "gpu_instance_self_link": {
      "value": "https://www.googleapis.com/compute/v1/projects/tts-project-andrea/zones/us-central1-a/instances/instance-20250802-231725",
      "type": "string"
    }
  },
  "resources": [
    {
      "mode": "managed",
      "type": "google_compute_instance",
      "name": "gpu_l4_instance",
      "provider": "provider[\"registry.terraform.io/hashicorp/google\"]",
      "instances": [
        {
          "schema_version": 6,
          "attributes": {
            "advanced_machine_features": [],
            "allow_stopping_for_update": null,
            "attached_disk": [],
            "boot_disk": [
              {
                "auto_delete": true,
                "device_name": "instance-20250802-231725",
                "disk_encryption_key_raw": "",
                "disk_encryption_key_rsa": "",
                "disk_encryption_key_sha256": "",
                "disk_encryption_service_account": "",
                "force_attach": false,
                "guest_os_features": [
                  "VIRTIO_SCSI_MULTIQUEUE",
                  "SEV_CAPABLE",
                  "SEV_SNP_CAPABLE",
                  "SEV_LIVE_MIGRATABLE",
                  "SEV_LIVE_MIGRATABLE_V2",
                  "SNP_SVSM_CAPABLE",
                  "IDPF",
                  "TDX_CAPABLE",
                  "UEFI_COMPATIBLE",
                  "GVNIC"
                ],
                "initialize_params": [
                  {
                    "architecture": "X86_64",
                    "enable_confidential_compute": false,
                    "image": "https://www.googleapis.com/compute/v1/projects/ubuntu-os-cloud/global/images/ubuntu-minimal-2404-noble-amd64-v20250725",
                    "labels": {},
                    "provisioned_iops": 0,
                    "provisioned_throughput": 0,
                    "resource_manager_tags": null,
                    "resource_policies": [],
                    "size": 300,
                    "snapshot": "",
                    "source_image_encryption_key": [],
                    "source_snapshot_encryption_key": [],
                    "storage_pool": "",
                    "type": "pd-balanced"
                  }
                ],
                "interface": "",
                "kms_key_self_link": "",
                "mode": "READ_WRITE",
                "source": "https://www.googleapis.com/compute/v1/projects/tts-project-andrea/zones/us-central1-a/disks/instance-20250802-231725"
              }
            ],
            "can_ip_forward": false,
            "confidential_instance_config": [],
            "cpu_platform": "Intel Cascade Lake",
            "creation_timestamp": "2025-08-08T16:04:58.583-07:00",
            "current_status": "RUNNING",
            "deletion_protection": false,
            "description": "",
            "desired_status": null,
            "effective_labels": {
              "environment": "development",
              "goog-ec-src": "vm_add-tf",
              "goog-ops-agent-policy": "v2-x86-template-1-4-0",
              "goog-terraform-provisioned": "true",
              "gpu-type": "nvidia-l4"
            },
            "enable_display": false,
            "guest_accelerator": [
              {
                "count": 1,
                "type": "https://www.googleapis.com/compute/v1/projects/tts-project-andrea/zones/us-central1-a/acceleratorTypes/nvidia-l4"
              }
            ],
            "hostname": "",
            "id": "projects/tts-project-andrea/zones/us-central1-a/instances/instance-20250802-231725",
            "instance_encryption_key": [],
            "instance_id": "2420673970861456501",
            "key_revocation_action_type": "",
            "label_fingerprint": "9vi_ymPB5GA=",
            "labels": {
              "environment": "development",
              "goog-ec-src": "vm_add-tf",
              "goog-ops-agent-policy": "v2-x86-template-1-4-0",
              "gpu-type": "nvidia-l4"
            },
            "machine_type": "g2-standard-4",
            "metadata": {
              "enable-osconfig": "TRUE",
              "ssh-keys": "andrea:ssh-ed25519 AAAAC3NzaC1lZDI1NTE5AAAAIA2u+NwcixLxWPkyMxkjMkvdYsO38OsWKgPD0HNn6ank andrea@fedora\n"
            },
            "metadata_fingerprint": "JEAVspd_odY=",
            "metadata_startup_script": null,
            "min_cpu_platform": "",
            "name": "instance-20250802-231725",
            "network_interface": [
              {
                "access_config": [
                  {
                    "nat_ip": "34.170.241.242",
                    "network_tier": "PREMIUM",
                    "public_ptr_domain_name": ""
                  }
                ],
                "alias_ip_range": [],
                "internal_ipv6_prefix_length": 0,
                "ipv6_access_config": [],
                "ipv6_access_type": "",
                "ipv6_address": "",
                "name": "nic0",
                "network": "https://www.googleapis.com/compute/v1/projects/tts-project-andrea/global/networks/default",
                "network_attachment": "",
                "network_ip": "10.128.0.5",
                "nic_type": "",
                "queue_count": 0,
                "stack_type": "IPV4_ONLY",
                "subnetwork": "https://www.googleapis.com/compute/v1/projects/tts-project-andrea/regions/us-central1/subnetworks/default",
                "subnetwork_project": "tts-project-andrea"
              }
            ],
            "network_performance_config": [],
            "params": [],
            "project": "tts-project-andrea",
            "reservation_affinity": [],
            "resource_policies": null,
            "scheduling": [
              {
                "automatic_restart": true,
                "availability_domain": 0,
                "instance_termination_action": "",
                "local_ssd_recovery_timeout": [],
                "max_run_duration": [],
                "min_node_cpus": 0,
                "node_affinities": [],
                "on_host_maintenance": "TERMINATE",
                "on_instance_stop_action": [],
                "preemptible": false,
                "provisioning_model": "STANDARD",
                "termination_time": ""
              }
            ],
            "scratch_disk": [],
            "self_link": "https://www.googleapis.com/compute/v1/projects/tts-project-andrea/zones/us-central1-a/instances/instance-20250802-231725",
            "service_account": [
              {
                "email": "792353693062-compute@developer.gserviceaccount.com",
                "scopes": [
                  "https://www.googleapis.com/auth/devstorage.read_only",
                  "https://www.googleapis.com/auth/logging.write",
                  "https://www.googleapis.com/auth/monitoring.write",
                  "https://www.googleapis.com/auth/service.management.readonly",
                  "https://www.googleapis.com/auth/servicecontrol",
                  "https://www.googleapis.com/auth/trace.append"
                ]
              }
            ],
            "shielded_instance_config": [
              {
                "enable_integrity_monitoring": true,
                "enable_secure_boot": false,
                "enable_vtpm": true
              }
            ],
            "tags": null,
            "tags_fingerprint": "42WmSpB8rSM=",
            "terraform_labels": {
              "environment": "development",
              "goog-ec-src": "vm_add-tf",
              "goog-ops-agent-policy": "v2-x86-template-1-4-0",
              "goog-terraform-provisioned": "true",
              "gpu-type": "nvidia-l4"
            },
            "timeouts": null,
            "zone": "us-central1-a"
          },
          "sensitive_attributes": [
            [
              {
                "type": "get_attr",
                "value": "boot_disk"
              },
              {
                "type": "index",
                "value": {
                  "value": 0,
                  "type": "number"
                }
              },
              {
                "type": "get_attr",
                "value": "disk_encryption_key_raw"
              }
            ],
            [
              {
                "type": "get_attr",
                "value": "boot_disk"
              },
              {
                "type": "index",
                "value": {
                  "value": 0,
                  "type": "number"
                }
              },
              {
                "type": "get_attr",
                "value": "disk_encryption_key_rsa"
              }
            ]
          ],
          "identity_schema_version": 0,
          "private": "eyJlMmJmYjczMC1lY2FhLTExZTYtOGY4OC0zNDM2M2JjN2M0YzAiOnsiY3JlYXRlIjoxMjAwMDAwMDAwMDAwLCJkZWxldGUiOjEyMDAwMDAwMDAwMDAsInVwZGF0ZSI6MTIwMDAwMDAwMDAwMH0sInNjaGVtYV92ZXJzaW9uIjoiNiJ9"
        }
      ]
    }
  ],
  "check_results": [
    {
      "object_kind": "var",
      "config_addr": "var.gpu_count",
      "status": "pass",
      "objects": [
        {
          "object_addr": "var.gpu_count",
          "status": "pass"
        }
      ]
    },
    {
      "object_kind": "var",
      "config_addr": "var.provisioning_model",
      "status": "pass",
      "objects": [
        {
          "object_addr": "var.provisioning_model",
          "status": "pass"
        }
      ]
    },
    {
      "object_kind": "var",
      "config_addr": "var.boot_disk_type",
      "status": "pass",
      "objects": [
        {
          "object_addr": "var.boot_disk_type",
          "status": "pass"
        }
      ]
    },
    {
      "object_kind": "var",
      "config_addr": "var.environment",
      "status": "pass",
      "objects": [
        {
          "object_addr": "var.environment",
          "status": "pass"
        }
      ]
    }
  ]
}
