{
  "version": 4,
  "terraform_version": "1.12.2",
  "serial": 4,
  "lineage": "cd2d1ea5-ec6e-ed42-ae62-7bc121eac9e9",
  "outputs": {
    "cache_disk_self_link": {
      "value": "https://www.googleapis.com/compute/v1/projects/tts-project-andrea/zones/us-central1-a/disks/disk-cache",
      "type": "string"
    },
    "cpu_instance_external_ip": {
      "value": "34.10.69.43",
      "type": "string"
    },
    "cpu_instance_internal_ip": {
      "value": "10.128.0.6",
      "type": "string"
    },
    "cpu_instance_name": {
      "value": "pre-training",
      "type": "string"
    },
    "cpu_instance_self_link": {
      "value": "https://www.googleapis.com/compute/v1/projects/tts-project-andrea/zones/us-central1-a/instances/pre-training",
      "type": "string"
    }
  },
  "resources": [
    {
      "mode": "managed",
      "type": "google_compute_disk",
      "name": "cache_disk",
      "provider": "provider[\"registry.terraform.io/hashicorp/google\"]",
      "instances": [
        {
          "index_key": 0,
          "schema_version": 0,
          "attributes": {
            "access_mode": "",
            "architecture": null,
            "async_primary_disk": [],
            "create_snapshot_before_destroy": false,
            "create_snapshot_before_destroy_prefix": null,
            "creation_timestamp": "2025-08-15T15:48:11.736-07:00",
            "description": "",
            "disk_encryption_key": [],
            "disk_id": "9152138267845593028",
            "effective_labels": {
              "environment": "development",
              "goog-terraform-provisioned": "true",
              "purpose": "cache"
            },
            "enable_confidential_compute": false,
            "guest_os_features": [],
            "id": "projects/tts-project-andrea/zones/us-central1-a/disks/disk-cache",
            "image": "",
            "label_fingerprint": "50E0vM3fhs4=",
            "labels": {
              "environment": "development",
              "purpose": "cache"
            },
            "last_attach_timestamp": "",
            "last_detach_timestamp": "",
            "licenses": [],
            "name": "disk-cache",
            "params": [],
            "physical_block_size_bytes": 4096,
            "project": "tts-project-andrea",
            "provisioned_iops": 0,
            "provisioned_throughput": 0,
            "self_link": "https://www.googleapis.com/compute/v1/projects/tts-project-andrea/zones/us-central1-a/disks/disk-cache",
            "size": 200,
            "snapshot": "",
            "source_disk": "",
            "source_disk_id": "",
            "source_image_encryption_key": [],
            "source_image_id": "",
            "source_instant_snapshot": "",
            "source_instant_snapshot_id": "",
            "source_snapshot_encryption_key": [],
            "source_snapshot_id": "",
            "source_storage_object": null,
            "storage_pool": "",
            "terraform_labels": {
              "environment": "development",
              "goog-terraform-provisioned": "true",
              "purpose": "cache"
            },
            "timeouts": null,
            "type": "pd-balanced",
            "users": [],
            "zone": "us-central1-a"
          },
          "sensitive_attributes": [],
          "identity_schema_version": 0,
          "private": "eyJlMmJmYjczMC1lY2FhLTExZTYtOGY4OC0zNDM2M2JjN2M0YzAiOnsiY3JlYXRlIjoxMjAwMDAwMDAwMDAwLCJkZWxldGUiOjEyMDAwMDAwMDAwMDAsInVwZGF0ZSI6MTIwMDAwMDAwMDAwMH19"
        }
      ]
    },
    {
      "mode": "managed",
      "type": "google_compute_instance",
      "name": "cpu_instance",
      "provider": "provider[\"registry.terraform.io/hashicorp/google\"]",
      "instances": [
        {
          "schema_version": 6,
          "attributes": {
            "advanced_machine_features": [],
            "allow_stopping_for_update": null,
            "attached_disk": [
              {
                "device_name": "disk-cache",
                "disk_encryption_key_raw": "",
                "disk_encryption_key_rsa": "",
                "disk_encryption_key_sha256": "",
                "disk_encryption_service_account": "",
                "force_attach": false,
                "kms_key_self_link": "",
                "mode": "READ_WRITE",
                "source": "https://www.googleapis.com/compute/v1/projects/tts-project-andrea/zones/us-central1-a/disks/disk-cache"
              }
            ],
            "boot_disk": [
              {
                "auto_delete": true,
                "device_name": "pre-training",
                "disk_encryption_key_raw": "",
                "disk_encryption_key_rsa": "",
                "disk_encryption_key_sha256": "",
                "disk_encryption_service_account": "",
                "force_attach": false,
                "guest_os_features": [
                  "VIRTIO_SCSI_MULTIQUEUE",
                  "SEV_CAPABLE",
                  "SEV_SNP_CAPABLE",
                  "SEV_LIVE_MIGRATABLE",
                  "SEV_LIVE_MIGRATABLE_V2",
                  "SNP_SVSM_CAPABLE",
                  "IDPF",
                  "TDX_CAPABLE",
                  "UEFI_COMPATIBLE",
                  "GVNIC"
                ],
                "initialize_params": [
                  {
                    "architecture": "X86_64",
                    "enable_confidential_compute": false,
                    "image": "https://www.googleapis.com/compute/v1/projects/ubuntu-os-cloud/global/images/ubuntu-minimal-2404-noble-amd64-v20250725",
                    "labels": {},
                    "provisioned_iops": 0,
                    "provisioned_throughput": 0,
                    "resource_manager_tags": null,
                    "resource_policies": [],
                    "size": 100,
                    "snapshot": "",
                    "source_image_encryption_key": [],
                    "source_snapshot_encryption_key": [],
                    "storage_pool": "",
                    "type": "pd-balanced"
                  }
                ],
                "interface": "",
                "kms_key_self_link": "",
                "mode": "READ_WRITE",
                "source": "https://www.googleapis.com/compute/v1/projects/tts-project-andrea/zones/us-central1-a/disks/pre-training"
              }
            ],
            "can_ip_forward": false,
            "confidential_instance_config": [],
            "cpu_platform": "Intel Broadwell",
            "creation_timestamp": "2025-08-15T15:48:17.266-07:00",
            "current_status": "RUNNING",
            "deletion_protection": false,
            "description": "",
            "desired_status": null,
            "effective_labels": {
              "environment": "development",
              "goog-ec-src": "vm_add-tf",
              "goog-ops-agent-policy": "v2-x86-template-1-4-0",
              "goog-terraform-provisioned": "true",
              "instance-type": "cpu"
            },
            "enable_display": false,
            "guest_accelerator": [],
            "hostname": "",
            "id": "projects/tts-project-andrea/zones/us-central1-a/instances/pre-training",
            "instance_encryption_key": [],
            "instance_id": "3807873331440519135",
            "key_revocation_action_type": "",
            "label_fingerprint": "FpUdG1fRKrs=",
            "labels": {
              "environment": "development",
              "goog-ec-src": "vm_add-tf",
              "goog-ops-agent-policy": "v2-x86-template-1-4-0",
              "instance-type": "cpu"
            },
            "machine_type": "e2-standard-4",
            "metadata": {
              "enable-osconfig": "TRUE",
              "ssh-keys": "andrea:ssh-ed25519 AAAAC3NzaC1lZDI1NTE5AAAAIA2u+NwcixLxWPkyMxkjMkvdYsO38OsWKgPD0HNn6ank andrea@fedora\n"
            },
            "metadata_fingerprint": "JEAVspd_odY=",
            "metadata_startup_script": null,
            "min_cpu_platform": "",
            "name": "pre-training",
            "network_interface": [
              {
                "access_config": [
                  {
                    "nat_ip": "34.10.69.43",
                    "network_tier": "PREMIUM",
                    "public_ptr_domain_name": ""
                  }
                ],
                "alias_ip_range": [],
                "internal_ipv6_prefix_length": 0,
                "ipv6_access_config": [],
                "ipv6_access_type": "",
                "ipv6_address": "",
                "name": "nic0",
                "network": "https://www.googleapis.com/compute/v1/projects/tts-project-andrea/global/networks/default",
                "network_attachment": "",
                "network_ip": "10.128.0.6",
                "nic_type": "",
                "queue_count": 0,
                "stack_type": "IPV4_ONLY",
                "subnetwork": "https://www.googleapis.com/compute/v1/projects/tts-project-andrea/regions/us-central1/subnetworks/default",
                "subnetwork_project": "tts-project-andrea"
              }
            ],
            "network_performance_config": [],
            "params": [],
            "project": "tts-project-andrea",
            "reservation_affinity": [],
            "resource_policies": null,
            "scheduling": [
              {
                "automatic_restart": true,
                "availability_domain": 0,
                "instance_termination_action": "",
                "local_ssd_recovery_timeout": [],
                "max_run_duration": [],
                "min_node_cpus": 0,
                "node_affinities": [],
                "on_host_maintenance": "MIGRATE",
                "on_instance_stop_action": [],
                "preemptible": false,
                "provisioning_model": "STANDARD",
                "termination_time": ""
              }
            ],
            "scratch_disk": [],
            "self_link": "https://www.googleapis.com/compute/v1/projects/tts-project-andrea/zones/us-central1-a/instances/pre-training",
            "service_account": [
              {
                "email": "792353693062-compute@developer.gserviceaccount.com",
                "scopes": [
                  "https://www.googleapis.com/auth/devstorage.read_only",
                  "https://www.googleapis.com/auth/logging.write",
                  "https://www.googleapis.com/auth/monitoring.write",
                  "https://www.googleapis.com/auth/service.management.readonly",
                  "https://www.googleapis.com/auth/servicecontrol",
                  "https://www.googleapis.com/auth/trace.append"
                ]
              }
            ],
            "shielded_instance_config": [
              {
                "enable_integrity_monitoring": true,
                "enable_secure_boot": false,
                "enable_vtpm": true
              }
            ],
            "tags": null,
            "tags_fingerprint": "42WmSpB8rSM=",
            "terraform_labels": {
              "environment": "development",
              "goog-ec-src": "vm_add-tf",
              "goog-ops-agent-policy": "v2-x86-template-1-4-0",
              "goog-terraform-provisioned": "true",
              "instance-type": "cpu"
            },
            "timeouts": null,
            "zone": "us-central1-a"
          },
          "sensitive_attributes": [
            [
              {
                "type": "get_attr",
                "value": "attached_disk"
              },
              {
                "type": "index",
                "value": {
                  "value": 0,
                  "type": "number"
                }
              },
              {
                "type": "get_attr",
                "value": "disk_encryption_key_raw"
              }
            ],
            [
              {
                "type": "get_attr",
                "value": "attached_disk"
              },
              {
                "type": "index",
                "value": {
                  "value": 0,
                  "type": "number"
                }
              },
              {
                "type": "get_attr",
                "value": "disk_encryption_key_rsa"
              }
            ],
            [
              {
                "type": "get_attr",
                "value": "boot_disk"
              },
              {
                "type": "index",
                "value": {
                  "value": 0,
                  "type": "number"
                }
              },
              {
                "type": "get_attr",
                "value": "disk_encryption_key_raw"
              }
            ],
            [
              {
                "type": "get_attr",
                "value": "boot_disk"
              },
              {
                "type": "index",
                "value": {
                  "value": 0,
                  "type": "number"
                }
              },
              {
                "type": "get_attr",
                "value": "disk_encryption_key_rsa"
              }
            ]
          ],
          "identity_schema_version": 0,
          "private": "eyJlMmJmYjczMC1lY2FhLTExZTYtOGY4OC0zNDM2M2JjN2M0YzAiOnsiY3JlYXRlIjoxMjAwMDAwMDAwMDAwLCJkZWxldGUiOjEyMDAwMDAwMDAwMDAsInVwZGF0ZSI6MTIwMDAwMDAwMDAwMH0sInNjaGVtYV92ZXJzaW9uIjoiNiJ9",
          "dependencies": [
            "google_compute_disk.cache_disk"
          ]
        }
      ]
    },
    {
      "module": "module.ops_agent_policy",
      "mode": "managed",
      "type": "google_os_config_os_policy_assignment",
      "name": "ops_agent_policy",
      "provider": "provider[\"registry.terraform.io/hashicorp/google\"]",
      "instances": [
        {
          "schema_version": 0,
          "attributes": {
            "baseline": true,
            "deleted": false,
            "description": "Cloud Ops Policy Assignment via Terraform",
            "etag": "fd890abe-4411-45aa-bc44-1dad86de5c5e",
            "id": "projects/tts-project-andrea/locations/us-central1-a/osPolicyAssignments/goog-ops-agent-v2-x86-template-1-4-0-us-central1-a-pre-training",
            "instance_filter": [
              {
                "all": false,
                "exclusion_labels": [],
                "inclusion_labels": [
                  {
                    "labels": {
                      "goog-ops-agent-policy": "v2-x86-template-1-4-0"
                    }
                  }
                ],
                "inventories": []
              }
            ],
            "location": "us-central1-a",
            "name": "goog-ops-agent-v2-x86-template-1-4-0-us-central1-a-pre-training",
            "os_policies": [
              {
                "allow_no_resource_group_match": true,
                "description": "AUTO-GENERATED VALUE, DO NOT EDIT! | {\"packageState\":\"installed\",\"version\":\"latest\"}",
                "id": "goog-ops-agent-policy",
                "mode": "ENFORCEMENT",
                "resource_groups": [
                  {
                    "inventory_filters": [
                      {
                        "os_short_name": "centos",
                        "os_version": "7"
                      },
                      {
                        "os_short_name": "rhel",
                        "os_version": "7.*"
                      }
                    ],
                    "resources": [
                      {
                        "exec": [],
                        "file": [],
                        "id": "add-repo",
                        "pkg": [],
                        "repository": [
                          {
                            "apt": [],
                            "goo": [],
                            "yum": [
                              {
                                "base_url": "https://packages.cloud.google.com/yum/repos/google-cloud-ops-agent-el7-x86_64-all",
                                "display_name": "Google Cloud Ops Agent Repository",
                                "gpg_keys": [
                                  "https://packages.cloud.google.com/yum/doc/yum-key.gpg",
                                  "https://packages.cloud.google.com/yum/doc/rpm-package-key.gpg"
                                ],
                                "id": "google-cloud-ops-agent"
                              }
                            ],
                            "zypper": []
                          }
                        ]
                      },
                      {
                        "exec": [],
                        "file": [],
                        "id": "install-pkg",
                        "pkg": [
                          {
                            "apt": [],
                            "deb": [],
                            "desired_state": "INSTALLED",
                            "googet": [],
                            "msi": [],
                            "rpm": [],
                            "yum": [
                              {
                                "name": "google-cloud-ops-agent"
                              }
                            ],
                            "zypper": []
                          }
                        ],
                        "repository": []
                      }
                    ]
                  },
                  {
                    "inventory_filters": [
                      {
                        "os_short_name": "centos",
                        "os_version": "8"
                      },
                      {
                        "os_short_name": "rocky",
                        "os_version": "8.*"
                      },
                      {
                        "os_short_name": "rhel",
                        "os_version": "8.*"
                      }
                    ],
                    "resources": [
                      {
                        "exec": [],
                        "file": [],
                        "id": "add-repo",
                        "pkg": [],
                        "repository": [
                          {
                            "apt": [],
                            "goo": [],
                            "yum": [
                              {
                                "base_url": "https://packages.cloud.google.com/yum/repos/google-cloud-ops-agent-el8-x86_64-all",
                                "display_name": "Google Cloud Ops Agent Repository",
                                "gpg_keys": [
                                  "https://packages.cloud.google.com/yum/doc/yum-key.gpg",
                                  "https://packages.cloud.google.com/yum/doc/rpm-package-key.gpg"
                                ],
                                "id": "google-cloud-ops-agent"
                              }
                            ],
                            "zypper": []
                          }
                        ]
                      },
                      {
                        "exec": [],
                        "file": [],
                        "id": "install-pkg",
                        "pkg": [
                          {
                            "apt": [],
                            "deb": [],
                            "desired_state": "INSTALLED",
                            "googet": [],
                            "msi": [],
                            "rpm": [],
                            "yum": [
                              {
                                "name": "google-cloud-ops-agent"
                              }
                            ],
                            "zypper": []
                          }
                        ],
                        "repository": []
                      }
                    ]
                  },
                  {
                    "inventory_filters": [
                      {
                        "os_short_name": "rocky",
                        "os_version": "9.*"
                      },
                      {
                        "os_short_name": "rhel",
                        "os_version": "9.*"
                      }
                    ],
                    "resources": [
                      {
                        "exec": [],
                        "file": [],
                        "id": "add-repo",
                        "pkg": [],
                        "repository": [
                          {
                            "apt": [],
                            "goo": [],
                            "yum": [
                              {
                                "base_url": "https://packages.cloud.google.com/yum/repos/google-cloud-ops-agent-el9-x86_64-all",
                                "display_name": "Google Cloud Ops Agent Repository",
                                "gpg_keys": [
                                  "https://packages.cloud.google.com/yum/doc/yum-key.gpg",
                                  "https://packages.cloud.google.com/yum/doc/rpm-package-key.gpg"
                                ],
                                "id": "google-cloud-ops-agent"
                              }
                            ],
                            "zypper": []
                          }
                        ]
                      },
                      {
                        "exec": [],
                        "file": [],
                        "id": "install-pkg",
                        "pkg": [
                          {
                            "apt": [],
                            "deb": [],
                            "desired_state": "INSTALLED",
                            "googet": [],
                            "msi": [],
                            "rpm": [],
                            "yum": [
                              {
                                "name": "google-cloud-ops-agent"
                              }
                            ],
                            "zypper": []
                          }
                        ],
                        "repository": []
                      }
                    ]
                  },
                  {
                    "inventory_filters": [
                      {
                        "os_short_name": "sles",
                        "os_version": "12.*"
                      }
                    ],
                    "resources": [
                      {
                        "exec": [],
                        "file": [],
                        "id": "add-repo",
                        "pkg": [],
                        "repository": [
                          {
                            "apt": [],
                            "goo": [],
                            "yum": [],
                            "zypper": [
                              {
                                "base_url": "https://packages.cloud.google.com/yum/repos/google-cloud-ops-agent-sles12-x86_64-all",
                                "display_name": "Google Cloud Ops Agent Repository",
                                "gpg_keys": [
                                  "https://packages.cloud.google.com/yum/doc/yum-key.gpg",
                                  "https://packages.cloud.google.com/yum/doc/rpm-package-key.gpg"
                                ],
                                "id": "google-cloud-ops-agent"
                              }
                            ]
                          }
                        ]
                      },
                      {
                        "exec": [
                          {
                            "enforce": [
                              {
                                "args": null,
                                "file": [],
                                "interpreter": "SHELL",
                                "output_file_path": "",
                                "script": "echo hello"
                              }
                            ],
                            "validate": [
                              {
                                "args": null,
                                "file": [],
                                "interpreter": "SHELL",
                                "output_file_path": "",
                                "script": "rpm --import https://packages.cloud.google.com/yum/doc/yum-key.gpg; rpm --import https://packages.cloud.google.com/yum/doc/rpm-package-key.gpg; exit 100;"
                              }
                            ]
                          }
                        ],
                        "file": [],
                        "id": "import-key",
                        "pkg": [],
                        "repository": []
                      },
                      {
                        "exec": [],
                        "file": [],
                        "id": "install-pkg",
                        "pkg": [
                          {
                            "apt": [],
                            "deb": [],
                            "desired_state": "INSTALLED",
                            "googet": [],
                            "msi": [],
                            "rpm": [],
                            "yum": [],
                            "zypper": [
                              {
                                "name": "google-cloud-ops-agent"
                              }
                            ]
                          }
                        ],
                        "repository": []
                      }
                    ]
                  },
                  {
                    "inventory_filters": [
                      {
                        "os_short_name": "sles",
                        "os_version": "15.*"
                      },
                      {
                        "os_short_name": "opensuse-leap",
                        "os_version": "15.*"
                      }
                    ],
                    "resources": [
                      {
                        "exec": [],
                        "file": [],
                        "id": "add-repo",
                        "pkg": [],
                        "repository": [
                          {
                            "apt": [],
                            "goo": [],
                            "yum": [],
                            "zypper": [
                              {
                                "base_url": "https://packages.cloud.google.com/yum/repos/google-cloud-ops-agent-sles15-x86_64-all",
                                "display_name": "Google Cloud Ops Agent Repository",
                                "gpg_keys": [
                                  "https://packages.cloud.google.com/yum/doc/yum-key.gpg",
                                  "https://packages.cloud.google.com/yum/doc/rpm-package-key.gpg"
                                ],
                                "id": "google-cloud-ops-agent"
                              }
                            ]
                          }
                        ]
                      },
                      {
                        "exec": [],
                        "file": [],
                        "id": "install-pkg",
                        "pkg": [
                          {
                            "apt": [],
                            "deb": [],
                            "desired_state": "INSTALLED",
                            "googet": [],
                            "msi": [],
                            "rpm": [],
                            "yum": [],
                            "zypper": [
                              {
                                "name": "google-cloud-ops-agent"
                              }
                            ]
                          }
                        ],
                        "repository": []
                      }
                    ]
                  },
                  {
                    "inventory_filters": [
                      {
                        "os_short_name": "debian",
                        "os_version": "10"
                      }
                    ],
                    "resources": [
                      {
                        "exec": [],
                        "file": [],
                        "id": "add-repo",
                        "pkg": [],
                        "repository": [
                          {
                            "apt": [
                              {
                                "archive_type": "DEB",
                                "components": [
                                  "main"
                                ],
                                "distribution": "google-cloud-ops-agent-buster-all",
                                "gpg_key": "https://packages.cloud.google.com/apt/doc/apt-key.gpg",
                                "uri": "https://packages.cloud.google.com/apt"
                              }
                            ],
                            "goo": [],
                            "yum": [],
                            "zypper": []
                          }
                        ]
                      },
                      {
                        "exec": [],
                        "file": [],
                        "id": "install-pkg",
                        "pkg": [
                          {
                            "apt": [
                              {
                                "name": "google-cloud-ops-agent"
                              }
                            ],
                            "deb": [],
                            "desired_state": "INSTALLED",
                            "googet": [],
                            "msi": [],
                            "rpm": [],
                            "yum": [],
                            "zypper": []
                          }
                        ],
                        "repository": []
                      }
                    ]
                  },
                  {
                    "inventory_filters": [
                      {
                        "os_short_name": "debian",
                        "os_version": "11"
                      }
                    ],
                    "resources": [
                      {
                        "exec": [],
                        "file": [],
                        "id": "add-repo",
                        "pkg": [],
                        "repository": [
                          {
                            "apt": [
                              {
                                "archive_type": "DEB",
                                "components": [
                                  "main"
                                ],
                                "distribution": "google-cloud-ops-agent-bullseye-all",
                                "gpg_key": "https://packages.cloud.google.com/apt/doc/apt-key.gpg",
                                "uri": "https://packages.cloud.google.com/apt"
                              }
                            ],
                            "goo": [],
                            "yum": [],
                            "zypper": []
                          }
                        ]
                      },
                      {
                        "exec": [],
                        "file": [],
                        "id": "install-pkg",
                        "pkg": [
                          {
                            "apt": [
                              {
                                "name": "google-cloud-ops-agent"
                              }
                            ],
                            "deb": [],
                            "desired_state": "INSTALLED",
                            "googet": [],
                            "msi": [],
                            "rpm": [],
                            "yum": [],
                            "zypper": []
                          }
                        ],
                        "repository": []
                      }
                    ]
                  },
                  {
                    "inventory_filters": [
                      {
                        "os_short_name": "debian",
                        "os_version": "12"
                      }
                    ],
                    "resources": [
                      {
                        "exec": [],
                        "file": [],
                        "id": "add-repo",
                        "pkg": [],
                        "repository": [
                          {
                            "apt": [
                              {
                                "archive_type": "DEB",
                                "components": [
                                  "main"
                                ],
                                "distribution": "google-cloud-ops-agent-bookworm-all",
                                "gpg_key": "https://packages.cloud.google.com/apt/doc/apt-key.gpg",
                                "uri": "https://packages.cloud.google.com/apt"
                              }
                            ],
                            "goo": [],
                            "yum": [],
                            "zypper": []
                          }
                        ]
                      },
                      {
                        "exec": [],
                        "file": [],
                        "id": "install-pkg",
                        "pkg": [
                          {
                            "apt": [
                              {
                                "name": "google-cloud-ops-agent"
                              }
                            ],
                            "deb": [],
                            "desired_state": "INSTALLED",
                            "googet": [],
                            "msi": [],
                            "rpm": [],
                            "yum": [],
                            "zypper": []
                          }
                        ],
                        "repository": []
                      }
                    ]
                  },
                  {
                    "inventory_filters": [
                      {
                        "os_short_name": "ubuntu",
                        "os_version": "18.04"
                      }
                    ],
                    "resources": [
                      {
                        "exec": [
                          {
                            "enforce": [
                              {
                                "args": null,
                                "file": [],
                                "interpreter": "SHELL",
                                "output_file_path": "",
                                "script": "echo hello"
                              }
                            ],
                            "validate": [
                              {
                                "args": null,
                                "file": [],
                                "interpreter": "SHELL",
                                "output_file_path": "",
                                "script": "cloud-init status --wait; exit 100;"
                              }
                            ]
                          }
                        ],
                        "file": [],
                        "id": "wait-for-cloud-init",
                        "pkg": [],
                        "repository": []
                      },
                      {
                        "exec": [],
                        "file": [],
                        "id": "add-repo",
                        "pkg": [],
                        "repository": [
                          {
                            "apt": [
                              {
                                "archive_type": "DEB",
                                "components": [
                                  "main"
                                ],
                                "distribution": "google-cloud-ops-agent-bionic-all",
                                "gpg_key": "https://packages.cloud.google.com/apt/doc/apt-key.gpg",
                                "uri": "https://packages.cloud.google.com/apt"
                              }
                            ],
                            "goo": [],
                            "yum": [],
                            "zypper": []
                          }
                        ]
                      },
                      {
                        "exec": [],
                        "file": [],
                        "id": "install-pkg",
                        "pkg": [
                          {
                            "apt": [
                              {
                                "name": "google-cloud-ops-agent"
                              }
                            ],
                            "deb": [],
                            "desired_state": "INSTALLED",
                            "googet": [],
                            "msi": [],
                            "rpm": [],
                            "yum": [],
                            "zypper": []
                          }
                        ],
                        "repository": []
                      }
                    ]
                  },
                  {
                    "inventory_filters": [
                      {
                        "os_short_name": "ubuntu",
                        "os_version": "20.04"
                      }
                    ],
                    "resources": [
                      {
                        "exec": [
                          {
                            "enforce": [
                              {
                                "args": null,
                                "file": [],
                                "interpreter": "SHELL",
                                "output_file_path": "",
                                "script": "echo hello"
                              }
                            ],
                            "validate": [
                              {
                                "args": null,
                                "file": [],
                                "interpreter": "SHELL",
                                "output_file_path": "",
                                "script": "cloud-init status --wait; exit 100;"
                              }
                            ]
                          }
                        ],
                        "file": [],
                        "id": "wait-for-cloud-init",
                        "pkg": [],
                        "repository": []
                      },
                      {
                        "exec": [],
                        "file": [],
                        "id": "add-repo",
                        "pkg": [],
                        "repository": [
                          {
                            "apt": [
                              {
                                "archive_type": "DEB",
                                "components": [
                                  "main"
                                ],
                                "distribution": "google-cloud-ops-agent-focal-all",
                                "gpg_key": "https://packages.cloud.google.com/apt/doc/apt-key.gpg",
                                "uri": "https://packages.cloud.google.com/apt"
                              }
                            ],
                            "goo": [],
                            "yum": [],
                            "zypper": []
                          }
                        ]
                      },
                      {
                        "exec": [],
                        "file": [],
                        "id": "install-pkg",
                        "pkg": [
                          {
                            "apt": [
                              {
                                "name": "google-cloud-ops-agent"
                              }
                            ],
                            "deb": [],
                            "desired_state": "INSTALLED",
                            "googet": [],
                            "msi": [],
                            "rpm": [],
                            "yum": [],
                            "zypper": []
                          }
                        ],
                        "repository": []
                      }
                    ]
                  },
                  {
                    "inventory_filters": [
                      {
                        "os_short_name": "ubuntu",
                        "os_version": "22.04"
                      }
                    ],
                    "resources": [
                      {
                        "exec": [
                          {
                            "enforce": [
                              {
                                "args": null,
                                "file": [],
                                "interpreter": "SHELL",
                                "output_file_path": "",
                                "script": "echo hello"
                              }
                            ],
                            "validate": [
                              {
                                "args": null,
                                "file": [],
                                "interpreter": "SHELL",
                                "output_file_path": "",
                                "script": "cloud-init status --wait; exit 100;"
                              }
                            ]
                          }
                        ],
                        "file": [],
                        "id": "wait-for-cloud-init",
                        "pkg": [],
                        "repository": []
                      },
                      {
                        "exec": [],
                        "file": [],
                        "id": "add-repo",
                        "pkg": [],
                        "repository": [
                          {
                            "apt": [
                              {
                                "archive_type": "DEB",
                                "components": [
                                  "main"
                                ],
                                "distribution": "google-cloud-ops-agent-jammy-all",
                                "gpg_key": "https://packages.cloud.google.com/apt/doc/apt-key.gpg",
                                "uri": "https://packages.cloud.google.com/apt"
                              }
                            ],
                            "goo": [],
                            "yum": [],
                            "zypper": []
                          }
                        ]
                      },
                      {
                        "exec": [],
                        "file": [],
                        "id": "install-pkg",
                        "pkg": [
                          {
                            "apt": [
                              {
                                "name": "google-cloud-ops-agent"
                              }
                            ],
                            "deb": [],
                            "desired_state": "INSTALLED",
                            "googet": [],
                            "msi": [],
                            "rpm": [],
                            "yum": [],
                            "zypper": []
                          }
                        ],
                        "repository": []
                      }
                    ]
                  },
                  {
                    "inventory_filters": [
                      {
                        "os_short_name": "ubuntu",
                        "os_version": "23.10"
                      }
                    ],
                    "resources": [
                      {
                        "exec": [
                          {
                            "enforce": [
                              {
                                "args": null,
                                "file": [],
                                "interpreter": "SHELL",
                                "output_file_path": "",
                                "script": "echo hello"
                              }
                            ],
                            "validate": [
                              {
                                "args": null,
                                "file": [],
                                "interpreter": "SHELL",
                                "output_file_path": "",
                                "script": "cloud-init status --wait; exit 100;"
                              }
                            ]
                          }
                        ],
                        "file": [],
                        "id": "wait-for-cloud-init",
                        "pkg": [],
                        "repository": []
                      },
                      {
                        "exec": [],
                        "file": [],
                        "id": "add-repo",
                        "pkg": [],
                        "repository": [
                          {
                            "apt": [
                              {
                                "archive_type": "DEB",
                                "components": [
                                  "main"
                                ],
                                "distribution": "google-cloud-ops-agent-mantic-all",
                                "gpg_key": "https://packages.cloud.google.com/apt/doc/apt-key.gpg",
                                "uri": "https://packages.cloud.google.com/apt"
                              }
                            ],
                            "goo": [],
                            "yum": [],
                            "zypper": []
                          }
                        ]
                      },
                      {
                        "exec": [],
                        "file": [],
                        "id": "install-pkg",
                        "pkg": [
                          {
                            "apt": [
                              {
                                "name": "google-cloud-ops-agent"
                              }
                            ],
                            "deb": [],
                            "desired_state": "INSTALLED",
                            "googet": [],
                            "msi": [],
                            "rpm": [],
                            "yum": [],
                            "zypper": []
                          }
                        ],
                        "repository": []
                      }
                    ]
                  },
                  {
                    "inventory_filters": [
                      {
                        "os_short_name": "ubuntu",
                        "os_version": "24.04"
                      }
                    ],
                    "resources": [
                      {
                        "exec": [
                          {
                            "enforce": [
                              {
                                "args": null,
                                "file": [],
                                "interpreter": "SHELL",
                                "output_file_path": "",
                                "script": "echo hello"
                              }
                            ],
                            "validate": [
                              {
                                "args": null,
                                "file": [],
                                "interpreter": "SHELL",
                                "output_file_path": "",
                                "script": "cloud-init status --wait; exit 100;"
                              }
                            ]
                          }
                        ],
                        "file": [],
                        "id": "wait-for-cloud-init",
                        "pkg": [],
                        "repository": []
                      },
                      {
                        "exec": [],
                        "file": [],
                        "id": "add-repo",
                        "pkg": [],
                        "repository": [
                          {
                            "apt": [
                              {
                                "archive_type": "DEB",
                                "components": [
                                  "main"
                                ],
                                "distribution": "google-cloud-ops-agent-noble-all",
                                "gpg_key": "https://packages.cloud.google.com/apt/doc/apt-key.gpg",
                                "uri": "https://packages.cloud.google.com/apt"
                              }
                            ],
                            "goo": [],
                            "yum": [],
                            "zypper": []
                          }
                        ]
                      },
                      {
                        "exec": [],
                        "file": [],
                        "id": "install-pkg",
                        "pkg": [
                          {
                            "apt": [
                              {
                                "name": "google-cloud-ops-agent"
                              }
                            ],
                            "deb": [],
                            "desired_state": "INSTALLED",
                            "googet": [],
                            "msi": [],
                            "rpm": [],
                            "yum": [],
                            "zypper": []
                          }
                        ],
                        "repository": []
                      }
                    ]
                  },
                  {
                    "inventory_filters": [
                      {
                        "os_short_name": "windows",
                        "os_version": "10.*"
                      },
                      {
                        "os_short_name": "windows",
                        "os_version": "6.*"
                      }
                    ],
                    "resources": [
                      {
                        "exec": [],
                        "file": [],
                        "id": "add-repo",
                        "pkg": [],
                        "repository": [
                          {
                            "apt": [],
                            "goo": [
                              {
                                "name": "Google Cloud Ops Agent",
                                "url": "https://packages.cloud.google.com/yuck/repos/google-cloud-ops-agent-windows-all"
                              }
                            ],
                            "yum": [],
                            "zypper": []
                          }
                        ]
                      },
                      {
                        "exec": [],
                        "file": [],
                        "id": "install-pkg",
                        "pkg": [
                          {
                            "apt": [],
                            "deb": [],
                            "desired_state": "INSTALLED",
                            "googet": [
                              {
                                "name": "google-cloud-ops-agent"
                              }
                            ],
                            "msi": [],
                            "rpm": [],
                            "yum": [],
                            "zypper": []
                          }
                        ],
                        "repository": []
                      }
                    ]
                  }
                ]
              }
            ],
            "project": "tts-project-andrea",
            "reconciling": false,
            "revision_create_time": "2025-08-15T22:48:10.924052Z",
            "revision_id": "ae611300-1755-43e8-9879-fc6180a0d40f",
            "rollout": [
              {
                "disruption_budget": [
                  {
                    "fixed": 0,
                    "percent": 100
                  }
                ],
                "min_wait_duration": "0s"
              }
            ],
            "rollout_state": "SUCCEEDED",
            "skip_await_rollout": true,
            "timeouts": null,
            "uid": "75e004bc-b9e3-469f-8cdd-60f342ae5063"
          },
          "sensitive_attributes": [],
          "identity_schema_version": 0,
          "private": "eyJlMmJmYjczMC1lY2FhLTExZTYtOGY4OC0zNDM2M2JjN2M0YzAiOnsiY3JlYXRlIjoxMjAwMDAwMDAwMDAwLCJkZWxldGUiOjEyMDAwMDAwMDAwMDAsInVwZGF0ZSI6MTIwMDAwMDAwMDAwMH19"
        }
      ]
    }
  ],
  "check_results": [
    {
      "object_kind": "var",
      "config_addr": "module.ops_agent_policy.var.agents_rule",
      "status": "pass",
      "objects": [
        {
          "object_addr": "module.ops_agent_policy.var.agents_rule",
          "status": "pass"
        }
      ]
    },
    {
      "object_kind": "var",
      "config_addr": "var.environment",
      "status": "pass",
      "objects": [
        {
          "object_addr": "var.environment",
          "status": "pass"
        }
      ]
    },
    {
      "object_kind": "var",
      "config_addr": "module.ops_agent_policy.var.zone",
      "status": "pass",
      "objects": [
        {
          "object_addr": "module.ops_agent_policy.var.zone",
          "status": "pass"
        }
      ]
    }
  ]
}
